
Microsoft Visual Studio Solution File, Format Version 12.00
# Visual Studio Version 17
VisualStudioVersion = 17.0.31919.166
MinimumVisualStudioVersion = 10.0.40219.1
Project("{9A19103F-16F7-4668-BE54-9A1E7A4F7556}") = "PngMagic.Core", "PngMagic\PngMagic.Core.csproj", "{E9109AAC-E7B7-47F4-92B6-591F20144AC6}"
EndProject
Project("{9A19103F-16F7-4668-BE54-9A1E7A4F7556}") = "PngMagic.Console", "PngMagic.Console\PngMagic.Console.csproj", "{90EEDD70-B927-4C17-A294-0069678AFC28}"
	ProjectSection(ProjectDependencies) = postProject
		{E9109AAC-E7B7-47F4-92B6-591F20144AC6} = {E9109AAC-E7B7-47F4-92B6-591F20144AC6}
	EndProjectSection
EndProject
Project("{FAE04EC0-301F-11D3-BF4B-00C04F79EFBC}") = "PngMagic.Gui", "PngMagic.Gui\PngMagic.Gui.csproj", "{EC5736C0-6C76-4460-93AD-0DD08469BA72}"
EndProject
Global
	GlobalSection(SolutionConfigurationPlatforms) = preSolution
		Debug|Any CPU = Debug|Any CPU
		Release|Any CPU = Release|Any CPU
	EndGlobalSection
	GlobalSection(ProjectConfigurationPlatforms) = postSolution
		{E9109AAC-E7B7-47F4-92B6-591F20144AC6}.Debug|Any CPU.ActiveCfg = Debug|Any CPU
		{E9109AAC-E7B7-47F4-92B6-591F20144AC6}.Debug|Any CPU.Build.0 = Debug|Any CPU
		{E9109AAC-E7B7-47F4-92B6-591F20144AC6}.Release|Any CPU.ActiveCfg = Release|Any CPU
		{E9109AAC-E7B7-47F4-92B6-591F20144AC6}.Release|Any CPU.Build.0 = Release|Any CPU
		{90EEDD70-B927-4C17-A294-0069678AFC28}.Debug|Any CPU.ActiveCfg = Debug|Any CPU
		{90EEDD70-B927-4C17-A294-0069678AFC28}.Debug|Any CPU.Build.0 = Debug|Any CPU
		{90EEDD70-B927-4C17-A294-0069678AFC28}.Release|Any CPU.ActiveCfg = Release|Any CPU
		{90EEDD70-B927-4C17-A294-0069678AFC28}.Release|Any CPU.Build.0 = Release|Any CPU
		{EC5736C0-6C76-4460-93AD-0DD08469BA72}.Debug|Any CPU.ActiveCfg = Debug|Any CPU
		{EC5736C0-6C76-4460-93AD-0DD08469BA72}.Debug|Any CPU.Build.0 = Debug|Any CPU
		{EC5736C0-6C76-4460-93AD-0DD08469BA72}.Release|Any CPU.ActiveCfg = Release|Any CPU
		{EC5736C0-6C76-4460-93AD-0DD08469BA72}.Release|Any CPU.Build.0 = Release|Any CPU
	EndGlobalSection
	GlobalSection(SolutionProperties) = preSolution
		HideSolutionNode = FALSE
	EndGlobalSection
	GlobalSection(ExtensibilityGlobals) = postSolution
		SolutionGuid = {2F9F3A8A-A5A7-428E-AB94-71665D5118CB}
	EndGlobalSection
EndGlobal
